
Microsoft Visual Studio Solution File, Format Version 12.00
# Visual Studio 15
Project("{FAE04EC0-301F-11D3-BF4B-00C04F79EFBC}") = "UnityEngine.TestRunner", "UnityEngine.TestRunner.csproj", "{5A8B4A44-CE13-B995-9781-9B76143CE364}"
EndProject
Project("{FAE04EC0-301F-11D3-BF4B-00C04F79EFBC}") = "Unity.VisualScripting.Flow", "Unity.VisualScripting.Flow.csproj", "{1D9724B1-FDC2-6A0A-FA63-C1E654B0C4FC}"
EndProject
Project("{FAE04EC0-301F-11D3-BF4B-00C04F79EFBC}") = "Unity.VisualScripting.State", "Unity.VisualScripting.State.csproj", "{9EB62044-9ADE-96A2-817D-A9D1C9660E89}"
EndProject
Project("{FAE04EC0-301F-11D3-BF4B-00C04F79EFBC}") = "Unity.VisualScripting.Core", "Unity.VisualScripting.Core.csproj", "{14AF163A-1AB3-4FBA-AD73-1EC6A89FDE4A}"
EndProject
Project("{FAE04EC0-301F-11D3-BF4B-00C04F79EFBC}") = "Unity.TextMeshPro", "Unity.TextMeshPro.csproj", "{CB2090FA-E19F-3058-9FC8-0EE2B193DCCC}"
EndProject
Project("{FAE04EC0-301F-11D3-BF4B-00C04F79EFBC}") = "Unity.Timeline", "Unity.Timeline.csproj", "{BDE7C65E-3532-4ECF-293B-EDD235357859}"
EndProject
Project("{FAE04EC0-301F-11D3-BF4B-00C04F79EFBC}") = "Unity.ProBuilder.Csg", "Unity.ProBuilder.Csg.csproj", "{0033047D-51FE-B7C4-9EC4-EF4BED59252F}"
EndProject
Project("{FAE04EC0-301F-11D3-BF4B-00C04F79EFBC}") = "Unity.ProBuilder.Poly2Tri", "Unity.ProBuilder.Poly2Tri.csproj", "{5A831264-0244-6344-11F5-73BC8F8C100B}"
EndProject
Project("{FAE04EC0-301F-11D3-BF4B-00C04F79EFBC}") = "Unity.ProBuilder", "Unity.ProBuilder.csproj", "{E195EE6F-0007-033A-7A63-A88DAE530E04}"
EndProject
Project("{FAE04EC0-301F-11D3-BF4B-00C04F79EFBC}") = "Unity.ProBuilder.KdTree", "Unity.ProBuilder.KdTree.csproj", "{A450C957-7405-5011-8877-A59D31726A86}"
EndProject
Project("{FAE04EC0-301F-11D3-BF4B-00C04F79EFBC}") = "Unity.ProBuilder.Stl", "Unity.ProBuilder.Stl.csproj", "{520522BA-3CD2-27D2-5962-1EBAF5873BAD}"
EndProject
Project("{FAE04EC0-301F-11D3-BF4B-00C04F79EFBC}") = "Unity.ProGrids", "Unity.ProGrids.csproj", "{81C00951-5820-4CC2-EA20-5AA7488F0662}"
EndProject
Project("{FAE04EC0-301F-11D3-BF4B-00C04F79EFBC}") = "Unity.PlasticSCM.Editor", "Unity.PlasticSCM.Editor.csproj", "{23259FBB-D6F3-CCFC-FBBB-6AB86089B29D}"
EndProject
Project("{FAE04EC0-301F-11D3-BF4B-00C04F79EFBC}") = "Unity.VisualScripting.Core.Editor", "Unity.VisualScripting.Core.Editor.csproj", "{97F5918D-842F-0321-0D67-7B2DF44D4980}"
EndProject
Project("{FAE04EC0-301F-11D3-BF4B-00C04F79EFBC}") = "Unity.VisualScripting.Flow.Editor", "Unity.VisualScripting.Flow.Editor.csproj", "{F04029E8-FC47-20ED-AA47-AD8AF8CAE5E7}"
EndProject
Project("{FAE04EC0-301F-11D3-BF4B-00C04F79EFBC}") = "Unity.VisualStudio.Editor", "Unity.VisualStudio.Editor.csproj", "{2ECC200D-0F86-EC79-C5DA-5ACB92EBE577}"
EndProject
Project("{FAE04EC0-301F-11D3-BF4B-00C04F79EFBC}") = "Unity.Timeline.Editor", "Unity.Timeline.Editor.csproj", "{1B6BE268-1F75-5893-E7A5-BF9F85824A25}"
EndProject
Project("{FAE04EC0-301F-11D3-BF4B-00C04F79EFBC}") = "Unity.VisualScripting.State.Editor", "Unity.VisualScripting.State.Editor.csproj", "{0216A551-1903-7BD5-A0CB-765E173BF5D4}"
EndProject
Project("{FAE04EC0-301F-11D3-BF4B-00C04F79EFBC}") = "Unity.TextMeshPro.Editor", "Unity.TextMeshPro.Editor.csproj", "{683128E6-CA19-899A-6596-68306FED5EA7}"
EndProject
Project("{FAE04EC0-301F-11D3-BF4B-00C04F79EFBC}") = "Unity.VisualScripting.SettingsProvider.Editor", "Unity.VisualScripting.SettingsProvider.Editor.csproj", "{E5687468-68A9-CD86-883F-889B83359FB8}"
EndProject
Project("{FAE04EC0-301F-11D3-BF4B-00C04F79EFBC}") = "UnityEditor.TestRunner", "UnityEditor.TestRunner.csproj", "{4ABDA0F2-2B25-866F-7D5D-86BA87217C1A}"
EndProject
Project("{FAE04EC0-301F-11D3-BF4B-00C04F79EFBC}") = "Unity.TestTools.CodeCoverage.Editor", "Unity.TestTools.CodeCoverage.Editor.csproj", "{59C09AB4-53D8-C693-0603-EEF11295D833}"
EndProject
Project("{FAE04EC0-301F-11D3-BF4B-00C04F79EFBC}") = "Unity.Rider.Editor", "Unity.Rider.Editor.csproj", "{EA8F27D7-74F9-CADD-17C4-4537D01641D7}"
EndProject
Project("{FAE04EC0-301F-11D3-BF4B-00C04F79EFBC}") = "Unity.Performance.Profile-Analyzer.Editor", "Unity.Performance.Profile-Analyzer.Editor.csproj", "{81CBBC7B-6F87-E3D4-827B-874A01C98E55}"
EndProject
Project("{FAE04EC0-301F-11D3-BF4B-00C04F79EFBC}") = "Unity.VSCode.Editor", "Unity.VSCode.Editor.csproj", "{D77A2D0A-3CAE-D057-1D5A-AF39F744381E}"
EndProject
Project("{FAE04EC0-301F-11D3-BF4B-00C04F79EFBC}") = "Unity.TestTools.CodeCoverage.Editor.OpenCover.Model", "Unity.TestTools.CodeCoverage.Editor.OpenCover.Model.csproj", "{EE556FFE-33BC-596D-167D-9AB157DEBEAA}"
EndProject
Project("{FAE04EC0-301F-11D3-BF4B-00C04F79EFBC}") = "Unity.EditorCoroutines.Editor", "Unity.EditorCoroutines.Editor.csproj", "{4C026461-C26B-555D-C040-D6A4FA0C54BC}"
EndProject
Project("{FAE04EC0-301F-11D3-BF4B-00C04F79EFBC}") = "Unity.Settings.Editor", "Unity.Settings.Editor.csproj", "{2ECFD76A-4CC9-13B0-6C46-C0D9FC9EB250}"
EndProject
Project("{FAE04EC0-301F-11D3-BF4B-00C04F79EFBC}") = "Unity.CollabProxy.Editor", "Unity.CollabProxy.Editor.csproj", "{315B47C3-6593-978C-B3B6-9E62E85AEB01}"
EndProject
Project("{FAE04EC0-301F-11D3-BF4B-00C04F79EFBC}") = "Unity.TestTools.CodeCoverage.Editor.OpenCover.Mono.Reflection", "Unity.TestTools.CodeCoverage.Editor.OpenCover.Mono.Reflection.csproj", "{FAB16B58-404D-1A6D-262A-34D15B0E9B88}"
EndProject
Project("{FAE04EC0-301F-11D3-BF4B-00C04F79EFBC}") = "Unity.VisualScripting.Shared.Editor", "Unity.VisualScripting.Shared.Editor.csproj", "{B77E2810-4FE8-4622-243C-C484283FD42A}"
EndProject
Project("{FAE04EC0-301F-11D3-BF4B-00C04F79EFBC}") = "Unity.ProBuilder.Editor", "Unity.ProBuilder.Editor.csproj", "{2FB5C730-CA41-119F-DD6B-F518EE773D5F}"
EndProject
Project("{FAE04EC0-301F-11D3-BF4B-00C04F79EFBC}") = "Unity.ProBuilder.AssetIdRemapUtility", "Unity.ProBuilder.AssetIdRemapUtility.csproj", "{8D2EB109-75A1-73FE-E265-75F3E4B3A9BD}"
EndProject
Project("{FAE04EC0-301F-11D3-BF4B-00C04F79EFBC}") = "Unity.ProBuilder.AddOns.Editor", "Unity.ProBuilder.AddOns.Editor.csproj", "{74275C2E-3DEA-5AA1-12EC-8B2FBA5DFA3A}"
EndProject
Project("{FAE04EC0-301F-11D3-BF4B-00C04F79EFBC}") = "Unity.ProGrids.Editor", "Unity.ProGrids.Editor.csproj", "{4CDC8D30-E856-5E72-078C-F1BA51A8B67B}"
EndProject
Global
	GlobalSection(SolutionConfigurationPlatforms) = preSolution
		Debug|Any CPU = Debug|Any CPU
		Release|Any CPU = Release|Any CPU
	EndGlobalSection
	GlobalSection(ProjectConfigurationPlatforms) = postSolution
		{5A8B4A44-CE13-B995-9781-9B76143CE364}.Debug|Any CPU.ActiveCfg = Debug|Any CPU
		{5A8B4A44-CE13-B995-9781-9B76143CE364}.Debug|Any CPU.Build.0 = Debug|Any CPU
		{5A8B4A44-CE13-B995-9781-9B76143CE364}.Release|Any CPU.ActiveCfg = Release|Any CPU
		{5A8B4A44-CE13-B995-9781-9B76143CE364}.Release|Any CPU.Build.0 = Release|Any CPU
		{1D9724B1-FDC2-6A0A-FA63-C1E654B0C4FC}.Debug|Any CPU.ActiveCfg = Debug|Any CPU
		{1D9724B1-FDC2-6A0A-FA63-C1E654B0C4FC}.Debug|Any CPU.Build.0 = Debug|Any CPU
		{1D9724B1-FDC2-6A0A-FA63-C1E654B0C4FC}.Release|Any CPU.ActiveCfg = Release|Any CPU
		{1D9724B1-FDC2-6A0A-FA63-C1E654B0C4FC}.Release|Any CPU.Build.0 = Release|Any CPU
		{9EB62044-9ADE-96A2-817D-A9D1C9660E89}.Debug|Any CPU.ActiveCfg = Debug|Any CPU
		{9EB62044-9ADE-96A2-817D-A9D1C9660E89}.Debug|Any CPU.Build.0 = Debug|Any CPU
		{9EB62044-9ADE-96A2-817D-A9D1C9660E89}.Release|Any CPU.ActiveCfg = Release|Any CPU
		{9EB62044-9ADE-96A2-817D-A9D1C9660E89}.Release|Any CPU.Build.0 = Release|Any CPU
		{14AF163A-1AB3-4FBA-AD73-1EC6A89FDE4A}.Debug|Any CPU.ActiveCfg = Debug|Any CPU
		{14AF163A-1AB3-4FBA-AD73-1EC6A89FDE4A}.Debug|Any CPU.Build.0 = Debug|Any CPU
		{14AF163A-1AB3-4FBA-AD73-1EC6A89FDE4A}.Release|Any CPU.ActiveCfg = Release|Any CPU
		{14AF163A-1AB3-4FBA-AD73-1EC6A89FDE4A}.Release|Any CPU.Build.0 = Release|Any CPU
		{CB2090FA-E19F-3058-9FC8-0EE2B193DCCC}.Debug|Any CPU.ActiveCfg = Debug|Any CPU
		{CB2090FA-E19F-3058-9FC8-0EE2B193DCCC}.Debug|Any CPU.Build.0 = Debug|Any CPU
		{CB2090FA-E19F-3058-9FC8-0EE2B193DCCC}.Release|Any CPU.ActiveCfg = Release|Any CPU
		{CB2090FA-E19F-3058-9FC8-0EE2B193DCCC}.Release|Any CPU.Build.0 = Release|Any CPU
		{BDE7C65E-3532-4ECF-293B-EDD235357859}.Debug|Any CPU.ActiveCfg = Debug|Any CPU
		{BDE7C65E-3532-4ECF-293B-EDD235357859}.Debug|Any CPU.Build.0 = Debug|Any CPU
		{BDE7C65E-3532-4ECF-293B-EDD235357859}.Release|Any CPU.ActiveCfg = Release|Any CPU
		{BDE7C65E-3532-4ECF-293B-EDD235357859}.Release|Any CPU.Build.0 = Release|Any CPU
		{0033047D-51FE-B7C4-9EC4-EF4BED59252F}.Debug|Any CPU.ActiveCfg = Debug|Any CPU
		{0033047D-51FE-B7C4-9EC4-EF4BED59252F}.Debug|Any CPU.Build.0 = Debug|Any CPU
		{0033047D-51FE-B7C4-9EC4-EF4BED59252F}.Release|Any CPU.ActiveCfg = Release|Any CPU
		{0033047D-51FE-B7C4-9EC4-EF4BED59252F}.Release|Any CPU.Build.0 = Release|Any CPU
		{5A831264-0244-6344-11F5-73BC8F8C100B}.Debug|Any CPU.ActiveCfg = Debug|Any CPU
		{5A831264-0244-6344-11F5-73BC8F8C100B}.Debug|Any CPU.Build.0 = Debug|Any CPU
		{5A831264-0244-6344-11F5-73BC8F8C100B}.Release|Any CPU.ActiveCfg = Release|Any CPU
		{5A831264-0244-6344-11F5-73BC8F8C100B}.Release|Any CPU.Build.0 = Release|Any CPU
		{E195EE6F-0007-033A-7A63-A88DAE530E04}.Debug|Any CPU.ActiveCfg = Debug|Any CPU
		{E195EE6F-0007-033A-7A63-A88DAE530E04}.Debug|Any CPU.Build.0 = Debug|Any CPU
		{E195EE6F-0007-033A-7A63-A88DAE530E04}.Release|Any CPU.ActiveCfg = Release|Any CPU
		{E195EE6F-0007-033A-7A63-A88DAE530E04}.Release|Any CPU.Build.0 = Release|Any CPU
		{A450C957-7405-5011-8877-A59D31726A86}.Debug|Any CPU.ActiveCfg = Debug|Any CPU
		{A450C957-7405-5011-8877-A59D31726A86}.Debug|Any CPU.Build.0 = Debug|Any CPU
		{A450C957-7405-5011-8877-A59D31726A86}.Release|Any CPU.ActiveCfg = Release|Any CPU
		{A450C957-7405-5011-8877-A59D31726A86}.Release|Any CPU.Build.0 = Release|Any CPU
		{520522BA-3CD2-27D2-5962-1EBAF5873BAD}.Debug|Any CPU.ActiveCfg = Debug|Any CPU
		{520522BA-3CD2-27D2-5962-1EBAF5873BAD}.Debug|Any CPU.Build.0 = Debug|Any CPU
		{520522BA-3CD2-27D2-5962-1EBAF5873BAD}.Release|Any CPU.ActiveCfg = Release|Any CPU
		{520522BA-3CD2-27D2-5962-1EBAF5873BAD}.Release|Any CPU.Build.0 = Release|Any CPU
		{81C00951-5820-4CC2-EA20-5AA7488F0662}.Debug|Any CPU.ActiveCfg = Debug|Any CPU
		{81C00951-5820-4CC2-EA20-5AA7488F0662}.Debug|Any CPU.Build.0 = Debug|Any CPU
		{81C00951-5820-4CC2-EA20-5AA7488F0662}.Release|Any CPU.ActiveCfg = Release|Any CPU
		{81C00951-5820-4CC2-EA20-5AA7488F0662}.Release|Any CPU.Build.0 = Release|Any CPU
		{23259FBB-D6F3-CCFC-FBBB-6AB86089B29D}.Debug|Any CPU.ActiveCfg = Debug|Any CPU
		{23259FBB-D6F3-CCFC-FBBB-6AB86089B29D}.Debug|Any CPU.Build.0 = Debug|Any CPU
		{23259FBB-D6F3-CCFC-FBBB-6AB86089B29D}.Release|Any CPU.ActiveCfg = Release|Any CPU
		{23259FBB-D6F3-CCFC-FBBB-6AB86089B29D}.Release|Any CPU.Build.0 = Release|Any CPU
		{97F5918D-842F-0321-0D67-7B2DF44D4980}.Debug|Any CPU.ActiveCfg = Debug|Any CPU
		{97F5918D-842F-0321-0D67-7B2DF44D4980}.Debug|Any CPU.Build.0 = Debug|Any CPU
		{97F5918D-842F-0321-0D67-7B2DF44D4980}.Release|Any CPU.ActiveCfg = Release|Any CPU
		{97F5918D-842F-0321-0D67-7B2DF44D4980}.Release|Any CPU.Build.0 = Release|Any CPU
		{F04029E8-FC47-20ED-AA47-AD8AF8CAE5E7}.Debug|Any CPU.ActiveCfg = Debug|Any CPU
		{F04029E8-FC47-20ED-AA47-AD8AF8CAE5E7}.Debug|Any CPU.Build.0 = Debug|Any CPU
		{F04029E8-FC47-20ED-AA47-AD8AF8CAE5E7}.Release|Any CPU.ActiveCfg = Release|Any CPU
		{F04029E8-FC47-20ED-AA47-AD8AF8CAE5E7}.Release|Any CPU.Build.0 = Release|Any CPU
		{2ECC200D-0F86-EC79-C5DA-5ACB92EBE577}.Debug|Any CPU.ActiveCfg = Debug|Any CPU
		{2ECC200D-0F86-EC79-C5DA-5ACB92EBE577}.Debug|Any CPU.Build.0 = Debug|Any CPU
		{2ECC200D-0F86-EC79-C5DA-5ACB92EBE577}.Release|Any CPU.ActiveCfg = Release|Any CPU
		{2ECC200D-0F86-EC79-C5DA-5ACB92EBE577}.Release|Any CPU.Build.0 = Release|Any CPU
		{1B6BE268-1F75-5893-E7A5-BF9F85824A25}.Debug|Any CPU.ActiveCfg = Debug|Any CPU
		{1B6BE268-1F75-5893-E7A5-BF9F85824A25}.Debug|Any CPU.Build.0 = Debug|Any CPU
		{1B6BE268-1F75-5893-E7A5-BF9F85824A25}.Release|Any CPU.ActiveCfg = Release|Any CPU
		{1B6BE268-1F75-5893-E7A5-BF9F85824A25}.Release|Any CPU.Build.0 = Release|Any CPU
		{0216A551-1903-7BD5-A0CB-765E173BF5D4}.Debug|Any CPU.ActiveCfg = Debug|Any CPU
		{0216A551-1903-7BD5-A0CB-765E173BF5D4}.Debug|Any CPU.Build.0 = Debug|Any CPU
		{0216A551-1903-7BD5-A0CB-765E173BF5D4}.Release|Any CPU.ActiveCfg = Release|Any CPU
		{0216A551-1903-7BD5-A0CB-765E173BF5D4}.Release|Any CPU.Build.0 = Release|Any CPU
		{683128E6-CA19-899A-6596-68306FED5EA7}.Debug|Any CPU.ActiveCfg = Debug|Any CPU
		{683128E6-CA19-899A-6596-68306FED5EA7}.Debug|Any CPU.Build.0 = Debug|Any CPU
		{683128E6-CA19-899A-6596-68306FED5EA7}.Release|Any CPU.ActiveCfg = Release|Any CPU
		{683128E6-CA19-899A-6596-68306FED5EA7}.Release|Any CPU.Build.0 = Release|Any CPU
		{E5687468-68A9-CD86-883F-889B83359FB8}.Debug|Any CPU.ActiveCfg = Debug|Any CPU
		{E5687468-68A9-CD86-883F-889B83359FB8}.Debug|Any CPU.Build.0 = Debug|Any CPU
		{E5687468-68A9-CD86-883F-889B83359FB8}.Release|Any CPU.ActiveCfg = Release|Any CPU
		{E5687468-68A9-CD86-883F-889B83359FB8}.Release|Any CPU.Build.0 = Release|Any CPU
		{4ABDA0F2-2B25-866F-7D5D-86BA87217C1A}.Debug|Any CPU.ActiveCfg = Debug|Any CPU
		{4ABDA0F2-2B25-866F-7D5D-86BA87217C1A}.Debug|Any CPU.Build.0 = Debug|Any CPU
		{4ABDA0F2-2B25-866F-7D5D-86BA87217C1A}.Release|Any CPU.ActiveCfg = Release|Any CPU
		{4ABDA0F2-2B25-866F-7D5D-86BA87217C1A}.Release|Any CPU.Build.0 = Release|Any CPU
		{59C09AB4-53D8-C693-0603-EEF11295D833}.Debug|Any CPU.ActiveCfg = Debug|Any CPU
		{59C09AB4-53D8-C693-0603-EEF11295D833}.Debug|Any CPU.Build.0 = Debug|Any CPU
		{59C09AB4-53D8-C693-0603-EEF11295D833}.Release|Any CPU.ActiveCfg = Release|Any CPU
		{59C09AB4-53D8-C693-0603-EEF11295D833}.Release|Any CPU.Build.0 = Release|Any CPU
		{EA8F27D7-74F9-CADD-17C4-4537D01641D7}.Debug|Any CPU.ActiveCfg = Debug|Any CPU
		{EA8F27D7-74F9-CADD-17C4-4537D01641D7}.Debug|Any CPU.Build.0 = Debug|Any CPU
		{EA8F27D7-74F9-CADD-17C4-4537D01641D7}.Release|Any CPU.ActiveCfg = Release|Any CPU
		{EA8F27D7-74F9-CADD-17C4-4537D01641D7}.Release|Any CPU.Build.0 = Release|Any CPU
		{81CBBC7B-6F87-E3D4-827B-874A01C98E55}.Debug|Any CPU.ActiveCfg = Debug|Any CPU
		{81CBBC7B-6F87-E3D4-827B-874A01C98E55}.Debug|Any CPU.Build.0 = Debug|Any CPU
		{81CBBC7B-6F87-E3D4-827B-874A01C98E55}.Release|Any CPU.ActiveCfg = Release|Any CPU
		{81CBBC7B-6F87-E3D4-827B-874A01C98E55}.Release|Any CPU.Build.0 = Release|Any CPU
		{D77A2D0A-3CAE-D057-1D5A-AF39F744381E}.Debug|Any CPU.ActiveCfg = Debug|Any CPU
		{D77A2D0A-3CAE-D057-1D5A-AF39F744381E}.Debug|Any CPU.Build.0 = Debug|Any CPU
		{D77A2D0A-3CAE-D057-1D5A-AF39F744381E}.Release|Any CPU.ActiveCfg = Release|Any CPU
		{D77A2D0A-3CAE-D057-1D5A-AF39F744381E}.Release|Any CPU.Build.0 = Release|Any CPU
		{EE556FFE-33BC-596D-167D-9AB157DEBEAA}.Debug|Any CPU.ActiveCfg = Debug|Any CPU
		{EE556FFE-33BC-596D-167D-9AB157DEBEAA}.Debug|Any CPU.Build.0 = Debug|Any CPU
		{EE556FFE-33BC-596D-167D-9AB157DEBEAA}.Release|Any CPU.ActiveCfg = Release|Any CPU
		{EE556FFE-33BC-596D-167D-9AB157DEBEAA}.Release|Any CPU.Build.0 = Release|Any CPU
		{4C026461-C26B-555D-C040-D6A4FA0C54BC}.Debug|Any CPU.ActiveCfg = Debug|Any CPU
		{4C026461-C26B-555D-C040-D6A4FA0C54BC}.Debug|Any CPU.Build.0 = Debug|Any CPU
		{4C026461-C26B-555D-C040-D6A4FA0C54BC}.Release|Any CPU.ActiveCfg = Release|Any CPU
		{4C026461-C26B-555D-C040-D6A4FA0C54BC}.Release|Any CPU.Build.0 = Release|Any CPU
		{2ECFD76A-4CC9-13B0-6C46-C0D9FC9EB250}.Debug|Any CPU.ActiveCfg = Debug|Any CPU
		{2ECFD76A-4CC9-13B0-6C46-C0D9FC9EB250}.Debug|Any CPU.Build.0 = Debug|Any CPU
		{2ECFD76A-4CC9-13B0-6C46-C0D9FC9EB250}.Release|Any CPU.ActiveCfg = Release|Any CPU
		{2ECFD76A-4CC9-13B0-6C46-C0D9FC9EB250}.Release|Any CPU.Build.0 = Release|Any CPU
		{315B47C3-6593-978C-B3B6-9E62E85AEB01}.Debug|Any CPU.ActiveCfg = Debug|Any CPU
		{315B47C3-6593-978C-B3B6-9E62E85AEB01}.Debug|Any CPU.Build.0 = Debug|Any CPU
		{315B47C3-6593-978C-B3B6-9E62E85AEB01}.Release|Any CPU.ActiveCfg = Release|Any CPU
		{315B47C3-6593-978C-B3B6-9E62E85AEB01}.Release|Any CPU.Build.0 = Release|Any CPU
		{FAB16B58-404D-1A6D-262A-34D15B0E9B88}.Debug|Any CPU.ActiveCfg = Debug|Any CPU
		{FAB16B58-404D-1A6D-262A-34D15B0E9B88}.Debug|Any CPU.Build.0 = Debug|Any CPU
		{FAB16B58-404D-1A6D-262A-34D15B0E9B88}.Release|Any CPU.ActiveCfg = Release|Any CPU
		{FAB16B58-404D-1A6D-262A-34D15B0E9B88}.Release|Any CPU.Build.0 = Release|Any CPU
		{B77E2810-4FE8-4622-243C-C484283FD42A}.Debug|Any CPU.ActiveCfg = Debug|Any CPU
		{B77E2810-4FE8-4622-243C-C484283FD42A}.Debug|Any CPU.Build.0 = Debug|Any CPU
		{B77E2810-4FE8-4622-243C-C484283FD42A}.Release|Any CPU.ActiveCfg = Release|Any CPU
		{B77E2810-4FE8-4622-243C-C484283FD42A}.Release|Any CPU.Build.0 = Release|Any CPU
		{2FB5C730-CA41-119F-DD6B-F518EE773D5F}.Debug|Any CPU.ActiveCfg = Debug|Any CPU
		{2FB5C730-CA41-119F-DD6B-F518EE773D5F}.Debug|Any CPU.Build.0 = Debug|Any CPU
		{2FB5C730-CA41-119F-DD6B-F518EE773D5F}.Release|Any CPU.ActiveCfg = Release|Any CPU
		{2FB5C730-CA41-119F-DD6B-F518EE773D5F}.Release|Any CPU.Build.0 = Release|Any CPU
		{8D2EB109-75A1-73FE-E265-75F3E4B3A9BD}.Debug|Any CPU.ActiveCfg = Debug|Any CPU
		{8D2EB109-75A1-73FE-E265-75F3E4B3A9BD}.Debug|Any CPU.Build.0 = Debug|Any CPU
		{8D2EB109-75A1-73FE-E265-75F3E4B3A9BD}.Release|Any CPU.ActiveCfg = Release|Any CPU
		{8D2EB109-75A1-73FE-E265-75F3E4B3A9BD}.Release|Any CPU.Build.0 = Release|Any CPU
		{74275C2E-3DEA-5AA1-12EC-8B2FBA5DFA3A}.Debug|Any CPU.ActiveCfg = Debug|Any CPU
		{74275C2E-3DEA-5AA1-12EC-8B2FBA5DFA3A}.Debug|Any CPU.Build.0 = Debug|Any CPU
		{74275C2E-3DEA-5AA1-12EC-8B2FBA5DFA3A}.Release|Any CPU.ActiveCfg = Release|Any CPU
		{74275C2E-3DEA-5AA1-12EC-8B2FBA5DFA3A}.Release|Any CPU.Build.0 = Release|Any CPU
		{4CDC8D30-E856-5E72-078C-F1BA51A8B67B}.Debug|Any CPU.ActiveCfg = Debug|Any CPU
		{4CDC8D30-E856-5E72-078C-F1BA51A8B67B}.Debug|Any CPU.Build.0 = Debug|Any CPU
		{4CDC8D30-E856-5E72-078C-F1BA51A8B67B}.Release|Any CPU.ActiveCfg = Release|Any CPU
		{4CDC8D30-E856-5E72-078C-F1BA51A8B67B}.Release|Any CPU.Build.0 = Release|Any CPU
	EndGlobalSection
	GlobalSection(SolutionProperties) = preSolution
		HideSolutionNode = FALSE
	EndGlobalSection
EndGlobal
