
Microsoft Visual Studio Solution File, Format Version 12.00
# Visual Studio 15
Project("{FAE04EC0-301F-11D3-BF4B-00C04F79EFBC}") = "UnityEngine.TestRunner", "UnityEngine.TestRunner.csproj", "{A26D2B7B-24B6-3BD5-B42C-800DF897AAF2}"
EndProject
Project("{FAE04EC0-301F-11D3-BF4B-00C04F79EFBC}") = "Unity.VisualScripting.Flow", "Unity.VisualScripting.Flow.csproj", "{390094E3-F3F5-B059-1672-350EFE3615D5}"
EndProject
Project("{FAE04EC0-301F-11D3-BF4B-00C04F79EFBC}") = "Unity.VisualScripting.State", "Unity.VisualScripting.State.csproj", "{BF8E11EB-6A9A-B4D1-455A-C493BF90B9A8}"
EndProject
Project("{FAE04EC0-301F-11D3-BF4B-00C04F79EFBC}") = "Unity.VisualScripting.Core", "Unity.VisualScripting.Core.csproj", "{395A9653-4233-8262-6F3D-4F3853D6A817}"
EndProject
Project("{FAE04EC0-301F-11D3-BF4B-00C04F79EFBC}") = "Unity.TextMeshPro", "Unity.TextMeshPro.csproj", "{E91CF3CE-2A36-3081-7C12-BE5EE2B54938}"
EndProject
Project("{FAE04EC0-301F-11D3-BF4B-00C04F79EFBC}") = "Unity.ProBuilder.Poly2Tri", "Unity.ProBuilder.Poly2Tri.csproj", "{6925C635-E097-6499-20C6-DD67CE83B065}"
EndProject
Project("{FAE04EC0-301F-11D3-BF4B-00C04F79EFBC}") = "Unity.Timeline", "Unity.Timeline.csproj", "{53E6B366-FF64-B6EE-6974-F79EF84E41E5}"
EndProject
Project("{FAE04EC0-301F-11D3-BF4B-00C04F79EFBC}") = "Unity.ProBuilder", "Unity.ProBuilder.csproj", "{B5CBEA11-5ABE-2BE8-B42E-B08DC29FAEAF}"
EndProject
Project("{FAE04EC0-301F-11D3-BF4B-00C04F79EFBC}") = "Unity.ProGrids", "Unity.ProGrids.csproj", "{C49B810C-A4EB-07CE-0D07-20E0E6A4C17E}"
EndProject
Project("{FAE04EC0-301F-11D3-BF4B-00C04F79EFBC}") = "Unity.ProBuilder.Csg", "Unity.ProBuilder.Csg.csproj", "{0BE87C23-1595-B1FC-A05B-D197044E4741}"
EndProject
Project("{FAE04EC0-301F-11D3-BF4B-00C04F79EFBC}") = "Unity.ProBuilder.KdTree", "Unity.ProBuilder.KdTree.csproj", "{2B62EFFC-D867-0828-86B4-FB5A869E5DF1}"
EndProject
Project("{FAE04EC0-301F-11D3-BF4B-00C04F79EFBC}") = "Unity.ProBuilder.Stl", "Unity.ProBuilder.Stl.csproj", "{B7941CE1-56D1-1AD8-D821-C2D83FB0A44B}"
EndProject
Project("{FAE04EC0-301F-11D3-BF4B-00C04F79EFBC}") = "Assembly-CSharp", "Assembly-CSharp.csproj", "{70D3F7E3-7CDE-6A90-BD53-45D745E4BE27}"
EndProject
Project("{FAE04EC0-301F-11D3-BF4B-00C04F79EFBC}") = "Unity.PlasticSCM.Editor", "Unity.PlasticSCM.Editor.csproj", "{0BB1922A-1D6E-282F-8C83-B3579C853C3D}"
EndProject
Project("{FAE04EC0-301F-11D3-BF4B-00C04F79EFBC}") = "Unity.VisualScripting.Core.Editor", "Unity.VisualScripting.Core.Editor.csproj", "{314FC71E-F016-DC43-45FA-EF078EAF7692}"
EndProject
Project("{FAE04EC0-301F-11D3-BF4B-00C04F79EFBC}") = "Unity.VisualScripting.Flow.Editor", "Unity.VisualScripting.Flow.Editor.csproj", "{47F94491-BBA0-977E-9FE5-18C14459B943}"
EndProject
Project("{FAE04EC0-301F-11D3-BF4B-00C04F79EFBC}") = "Unity.VisualStudio.Editor", "Unity.VisualStudio.Editor.csproj", "{4A5F567C-551F-EC53-7E93-EDB5D6BBD690}"
EndProject
Project("{FAE04EC0-301F-11D3-BF4B-00C04F79EFBC}") = "Unity.ProBuilder.Editor", "Unity.ProBuilder.Editor.csproj", "{BAFE7F72-774F-52BA-7ED0-0EB9A46B068E}"
EndProject
Project("{FAE04EC0-301F-11D3-BF4B-00C04F79EFBC}") = "Unity.Timeline.Editor", "Unity.Timeline.Editor.csproj", "{6A451C04-25A5-3277-BBD0-A33D1CF9BD1D}"
EndProject
Project("{FAE04EC0-301F-11D3-BF4B-00C04F79EFBC}") = "Unity.VisualScripting.State.Editor", "Unity.VisualScripting.State.Editor.csproj", "{CD909FDC-52D5-28EC-1BFD-3A39BC7E2E32}"
EndProject
Project("{FAE04EC0-301F-11D3-BF4B-00C04F79EFBC}") = "Unity.TextMeshPro.Editor", "Unity.TextMeshPro.Editor.csproj", "{E519071E-99B9-5018-0AE2-D0830FE902F1}"
EndProject
Project("{FAE04EC0-301F-11D3-BF4B-00C04F79EFBC}") = "Unity.VisualScripting.SettingsProvider.Editor", "Unity.VisualScripting.SettingsProvider.Editor.csproj", "{34F23A60-E95F-B71E-DCC7-C8977E9BB228}"
EndProject
Project("{FAE04EC0-301F-11D3-BF4B-00C04F79EFBC}") = "UnityEditor.TestRunner", "UnityEditor.TestRunner.csproj", "{958DCC63-8D2E-F050-83DF-48994EC3E5E0}"
EndProject
Project("{FAE04EC0-301F-11D3-BF4B-00C04F79EFBC}") = "Unity.TestTools.CodeCoverage.Editor", "Unity.TestTools.CodeCoverage.Editor.csproj", "{7854E326-461A-BF18-33AD-D91DFB6F2510}"
EndProject
Project("{FAE04EC0-301F-11D3-BF4B-00C04F79EFBC}") = "Unity.Rider.Editor", "Unity.Rider.Editor.csproj", "{5C8CC97D-8FED-90A8-E72E-EC38FBE4B1BF}"
EndProject
Project("{FAE04EC0-301F-11D3-BF4B-00C04F79EFBC}") = "Unity.Performance.Profile-Analyzer.Editor", "Unity.Performance.Profile-Analyzer.Editor.csproj", "{5EA5F196-F76B-48C2-17BB-976C63BEB171}"
EndProject
Project("{FAE04EC0-301F-11D3-BF4B-00C04F79EFBC}") = "Unity.ProGrids.Editor", "Unity.ProGrids.Editor.csproj", "{373839EE-1CCE-D16F-B6ED-B32AE5E0A457}"
EndProject
Project("{FAE04EC0-301F-11D3-BF4B-00C04F79EFBC}") = "Unity.VSCode.Editor", "Unity.VSCode.Editor.csproj", "{54817A2F-6A91-CC4E-1050-FD9D1FE1AD0D}"
EndProject
Project("{FAE04EC0-301F-11D3-BF4B-00C04F79EFBC}") = "Unity.ProBuilder.AssetIdRemapUtility", "Unity.ProBuilder.AssetIdRemapUtility.csproj", "{3DE4FC49-D2B1-C518-57C3-2ABF03A04DA0}"
EndProject
Project("{FAE04EC0-301F-11D3-BF4B-00C04F79EFBC}") = "Unity.TestTools.CodeCoverage.Editor.OpenCover.Model", "Unity.TestTools.CodeCoverage.Editor.OpenCover.Model.csproj", "{756AEB28-3F99-DEA2-6AA3-DA52626D1101}"
EndProject
Project("{FAE04EC0-301F-11D3-BF4B-00C04F79EFBC}") = "Unity.EditorCoroutines.Editor", "Unity.EditorCoroutines.Editor.csproj", "{0D61BD01-1738-B0E6-80DC-39B3AC332179}"
EndProject
Project("{FAE04EC0-301F-11D3-BF4B-00C04F79EFBC}") = "Unity.Settings.Editor", "Unity.Settings.Editor.csproj", "{F098C5E9-F2B5-9458-F199-EF177B0327FA}"
EndProject
Project("{FAE04EC0-301F-11D3-BF4B-00C04F79EFBC}") = "Unity.CollabProxy.Editor", "Unity.CollabProxy.Editor.csproj", "{FDA868D9-4EDD-0C90-FE76-771482923C88}"
EndProject
Project("{FAE04EC0-301F-11D3-BF4B-00C04F79EFBC}") = "Unity.TestTools.CodeCoverage.Editor.OpenCover.Mono.Reflection", "Unity.TestTools.CodeCoverage.Editor.OpenCover.Mono.Reflection.csproj", "{020E5B5E-1BCD-95DE-AA70-2675DCE9D664}"
EndProject
Project("{FAE04EC0-301F-11D3-BF4B-00C04F79EFBC}") = "Unity.VisualScripting.Shared.Editor", "Unity.VisualScripting.Shared.Editor.csproj", "{54CB8DA9-C71A-6E41-E47B-57D9F8604FF7}"
EndProject
Project("{FAE04EC0-301F-11D3-BF4B-00C04F79EFBC}") = "Assembly-CSharp-Editor", "Assembly-CSharp-Editor.csproj", "{8E900037-75EA-6A26-E7D0-45C81B117602}"
EndProject
Project("{FAE04EC0-301F-11D3-BF4B-00C04F79EFBC}") = "Unity.ProBuilder.AddOns.Editor", "Unity.ProBuilder.AddOns.Editor.csproj", "{99EA3083-C086-14E2-FBB5-403495D78CA1}"
EndProject
Global
	GlobalSection(SolutionConfigurationPlatforms) = preSolution
		Debug|Any CPU = Debug|Any CPU
		Release|Any CPU = Release|Any CPU
	EndGlobalSection
	GlobalSection(ProjectConfigurationPlatforms) = postSolution
		{A26D2B7B-24B6-3BD5-B42C-800DF897AAF2}.Debug|Any CPU.ActiveCfg = Debug|Any CPU
		{A26D2B7B-24B6-3BD5-B42C-800DF897AAF2}.Debug|Any CPU.Build.0 = Debug|Any CPU
		{A26D2B7B-24B6-3BD5-B42C-800DF897AAF2}.Release|Any CPU.ActiveCfg = Release|Any CPU
		{A26D2B7B-24B6-3BD5-B42C-800DF897AAF2}.Release|Any CPU.Build.0 = Release|Any CPU
		{390094E3-F3F5-B059-1672-350EFE3615D5}.Debug|Any CPU.ActiveCfg = Debug|Any CPU
		{390094E3-F3F5-B059-1672-350EFE3615D5}.Debug|Any CPU.Build.0 = Debug|Any CPU
		{390094E3-F3F5-B059-1672-350EFE3615D5}.Release|Any CPU.ActiveCfg = Release|Any CPU
		{390094E3-F3F5-B059-1672-350EFE3615D5}.Release|Any CPU.Build.0 = Release|Any CPU
		{BF8E11EB-6A9A-B4D1-455A-C493BF90B9A8}.Debug|Any CPU.ActiveCfg = Debug|Any CPU
		{BF8E11EB-6A9A-B4D1-455A-C493BF90B9A8}.Debug|Any CPU.Build.0 = Debug|Any CPU
		{BF8E11EB-6A9A-B4D1-455A-C493BF90B9A8}.Release|Any CPU.ActiveCfg = Release|Any CPU
		{BF8E11EB-6A9A-B4D1-455A-C493BF90B9A8}.Release|Any CPU.Build.0 = Release|Any CPU
		{395A9653-4233-8262-6F3D-4F3853D6A817}.Debug|Any CPU.ActiveCfg = Debug|Any CPU
		{395A9653-4233-8262-6F3D-4F3853D6A817}.Debug|Any CPU.Build.0 = Debug|Any CPU
		{395A9653-4233-8262-6F3D-4F3853D6A817}.Release|Any CPU.ActiveCfg = Release|Any CPU
		{395A9653-4233-8262-6F3D-4F3853D6A817}.Release|Any CPU.Build.0 = Release|Any CPU
		{E91CF3CE-2A36-3081-7C12-BE5EE2B54938}.Debug|Any CPU.ActiveCfg = Debug|Any CPU
		{E91CF3CE-2A36-3081-7C12-BE5EE2B54938}.Debug|Any CPU.Build.0 = Debug|Any CPU
		{E91CF3CE-2A36-3081-7C12-BE5EE2B54938}.Release|Any CPU.ActiveCfg = Release|Any CPU
		{E91CF3CE-2A36-3081-7C12-BE5EE2B54938}.Release|Any CPU.Build.0 = Release|Any CPU
		{6925C635-E097-6499-20C6-DD67CE83B065}.Debug|Any CPU.ActiveCfg = Debug|Any CPU
		{6925C635-E097-6499-20C6-DD67CE83B065}.Debug|Any CPU.Build.0 = Debug|Any CPU
		{6925C635-E097-6499-20C6-DD67CE83B065}.Release|Any CPU.ActiveCfg = Release|Any CPU
		{6925C635-E097-6499-20C6-DD67CE83B065}.Release|Any CPU.Build.0 = Release|Any CPU
		{53E6B366-FF64-B6EE-6974-F79EF84E41E5}.Debug|Any CPU.ActiveCfg = Debug|Any CPU
		{53E6B366-FF64-B6EE-6974-F79EF84E41E5}.Debug|Any CPU.Build.0 = Debug|Any CPU
		{53E6B366-FF64-B6EE-6974-F79EF84E41E5}.Release|Any CPU.ActiveCfg = Release|Any CPU
		{53E6B366-FF64-B6EE-6974-F79EF84E41E5}.Release|Any CPU.Build.0 = Release|Any CPU
		{B5CBEA11-5ABE-2BE8-B42E-B08DC29FAEAF}.Debug|Any CPU.ActiveCfg = Debug|Any CPU
		{B5CBEA11-5ABE-2BE8-B42E-B08DC29FAEAF}.Debug|Any CPU.Build.0 = Debug|Any CPU
		{B5CBEA11-5ABE-2BE8-B42E-B08DC29FAEAF}.Release|Any CPU.ActiveCfg = Release|Any CPU
		{B5CBEA11-5ABE-2BE8-B42E-B08DC29FAEAF}.Release|Any CPU.Build.0 = Release|Any CPU
		{C49B810C-A4EB-07CE-0D07-20E0E6A4C17E}.Debug|Any CPU.ActiveCfg = Debug|Any CPU
		{C49B810C-A4EB-07CE-0D07-20E0E6A4C17E}.Debug|Any CPU.Build.0 = Debug|Any CPU
		{C49B810C-A4EB-07CE-0D07-20E0E6A4C17E}.Release|Any CPU.ActiveCfg = Release|Any CPU
		{C49B810C-A4EB-07CE-0D07-20E0E6A4C17E}.Release|Any CPU.Build.0 = Release|Any CPU
		{0BE87C23-1595-B1FC-A05B-D197044E4741}.Debug|Any CPU.ActiveCfg = Debug|Any CPU
		{0BE87C23-1595-B1FC-A05B-D197044E4741}.Debug|Any CPU.Build.0 = Debug|Any CPU
		{0BE87C23-1595-B1FC-A05B-D197044E4741}.Release|Any CPU.ActiveCfg = Release|Any CPU
		{0BE87C23-1595-B1FC-A05B-D197044E4741}.Release|Any CPU.Build.0 = Release|Any CPU
		{2B62EFFC-D867-0828-86B4-FB5A869E5DF1}.Debug|Any CPU.ActiveCfg = Debug|Any CPU
		{2B62EFFC-D867-0828-86B4-FB5A869E5DF1}.Debug|Any CPU.Build.0 = Debug|Any CPU
		{2B62EFFC-D867-0828-86B4-FB5A869E5DF1}.Release|Any CPU.ActiveCfg = Release|Any CPU
		{2B62EFFC-D867-0828-86B4-FB5A869E5DF1}.Release|Any CPU.Build.0 = Release|Any CPU
		{B7941CE1-56D1-1AD8-D821-C2D83FB0A44B}.Debug|Any CPU.ActiveCfg = Debug|Any CPU
		{B7941CE1-56D1-1AD8-D821-C2D83FB0A44B}.Debug|Any CPU.Build.0 = Debug|Any CPU
		{B7941CE1-56D1-1AD8-D821-C2D83FB0A44B}.Release|Any CPU.ActiveCfg = Release|Any CPU
		{B7941CE1-56D1-1AD8-D821-C2D83FB0A44B}.Release|Any CPU.Build.0 = Release|Any CPU
		{70D3F7E3-7CDE-6A90-BD53-45D745E4BE27}.Debug|Any CPU.ActiveCfg = Debug|Any CPU
		{70D3F7E3-7CDE-6A90-BD53-45D745E4BE27}.Debug|Any CPU.Build.0 = Debug|Any CPU
		{70D3F7E3-7CDE-6A90-BD53-45D745E4BE27}.Release|Any CPU.ActiveCfg = Release|Any CPU
		{70D3F7E3-7CDE-6A90-BD53-45D745E4BE27}.Release|Any CPU.Build.0 = Release|Any CPU
		{0BB1922A-1D6E-282F-8C83-B3579C853C3D}.Debug|Any CPU.ActiveCfg = Debug|Any CPU
		{0BB1922A-1D6E-282F-8C83-B3579C853C3D}.Debug|Any CPU.Build.0 = Debug|Any CPU
		{0BB1922A-1D6E-282F-8C83-B3579C853C3D}.Release|Any CPU.ActiveCfg = Release|Any CPU
		{0BB1922A-1D6E-282F-8C83-B3579C853C3D}.Release|Any CPU.Build.0 = Release|Any CPU
		{314FC71E-F016-DC43-45FA-EF078EAF7692}.Debug|Any CPU.ActiveCfg = Debug|Any CPU
		{314FC71E-F016-DC43-45FA-EF078EAF7692}.Debug|Any CPU.Build.0 = Debug|Any CPU
		{314FC71E-F016-DC43-45FA-EF078EAF7692}.Release|Any CPU.ActiveCfg = Release|Any CPU
		{314FC71E-F016-DC43-45FA-EF078EAF7692}.Release|Any CPU.Build.0 = Release|Any CPU
		{47F94491-BBA0-977E-9FE5-18C14459B943}.Debug|Any CPU.ActiveCfg = Debug|Any CPU
		{47F94491-BBA0-977E-9FE5-18C14459B943}.Debug|Any CPU.Build.0 = Debug|Any CPU
		{47F94491-BBA0-977E-9FE5-18C14459B943}.Release|Any CPU.ActiveCfg = Release|Any CPU
		{47F94491-BBA0-977E-9FE5-18C14459B943}.Release|Any CPU.Build.0 = Release|Any CPU
		{4A5F567C-551F-EC53-7E93-EDB5D6BBD690}.Debug|Any CPU.ActiveCfg = Debug|Any CPU
		{4A5F567C-551F-EC53-7E93-EDB5D6BBD690}.Debug|Any CPU.Build.0 = Debug|Any CPU
		{4A5F567C-551F-EC53-7E93-EDB5D6BBD690}.Release|Any CPU.ActiveCfg = Release|Any CPU
		{4A5F567C-551F-EC53-7E93-EDB5D6BBD690}.Release|Any CPU.Build.0 = Release|Any CPU
		{BAFE7F72-774F-52BA-7ED0-0EB9A46B068E}.Debug|Any CPU.ActiveCfg = Debug|Any CPU
		{BAFE7F72-774F-52BA-7ED0-0EB9A46B068E}.Debug|Any CPU.Build.0 = Debug|Any CPU
		{BAFE7F72-774F-52BA-7ED0-0EB9A46B068E}.Release|Any CPU.ActiveCfg = Release|Any CPU
		{BAFE7F72-774F-52BA-7ED0-0EB9A46B068E}.Release|Any CPU.Build.0 = Release|Any CPU
		{6A451C04-25A5-3277-BBD0-A33D1CF9BD1D}.Debug|Any CPU.ActiveCfg = Debug|Any CPU
		{6A451C04-25A5-3277-BBD0-A33D1CF9BD1D}.Debug|Any CPU.Build.0 = Debug|Any CPU
		{6A451C04-25A5-3277-BBD0-A33D1CF9BD1D}.Release|Any CPU.ActiveCfg = Release|Any CPU
		{6A451C04-25A5-3277-BBD0-A33D1CF9BD1D}.Release|Any CPU.Build.0 = Release|Any CPU
		{CD909FDC-52D5-28EC-1BFD-3A39BC7E2E32}.Debug|Any CPU.ActiveCfg = Debug|Any CPU
		{CD909FDC-52D5-28EC-1BFD-3A39BC7E2E32}.Debug|Any CPU.Build.0 = Debug|Any CPU
		{CD909FDC-52D5-28EC-1BFD-3A39BC7E2E32}.Release|Any CPU.ActiveCfg = Release|Any CPU
		{CD909FDC-52D5-28EC-1BFD-3A39BC7E2E32}.Release|Any CPU.Build.0 = Release|Any CPU
		{E519071E-99B9-5018-0AE2-D0830FE902F1}.Debug|Any CPU.ActiveCfg = Debug|Any CPU
		{E519071E-99B9-5018-0AE2-D0830FE902F1}.Debug|Any CPU.Build.0 = Debug|Any CPU
		{E519071E-99B9-5018-0AE2-D0830FE902F1}.Release|Any CPU.ActiveCfg = Release|Any CPU
		{E519071E-99B9-5018-0AE2-D0830FE902F1}.Release|Any CPU.Build.0 = Release|Any CPU
		{34F23A60-E95F-B71E-DCC7-C8977E9BB228}.Debug|Any CPU.ActiveCfg = Debug|Any CPU
		{34F23A60-E95F-B71E-DCC7-C8977E9BB228}.Debug|Any CPU.Build.0 = Debug|Any CPU
		{34F23A60-E95F-B71E-DCC7-C8977E9BB228}.Release|Any CPU.ActiveCfg = Release|Any CPU
		{34F23A60-E95F-B71E-DCC7-C8977E9BB228}.Release|Any CPU.Build.0 = Release|Any CPU
		{958DCC63-8D2E-F050-83DF-48994EC3E5E0}.Debug|Any CPU.ActiveCfg = Debug|Any CPU
		{958DCC63-8D2E-F050-83DF-48994EC3E5E0}.Debug|Any CPU.Build.0 = Debug|Any CPU
		{958DCC63-8D2E-F050-83DF-48994EC3E5E0}.Release|Any CPU.ActiveCfg = Release|Any CPU
		{958DCC63-8D2E-F050-83DF-48994EC3E5E0}.Release|Any CPU.Build.0 = Release|Any CPU
		{7854E326-461A-BF18-33AD-D91DFB6F2510}.Debug|Any CPU.ActiveCfg = Debug|Any CPU
		{7854E326-461A-BF18-33AD-D91DFB6F2510}.Debug|Any CPU.Build.0 = Debug|Any CPU
		{7854E326-461A-BF18-33AD-D91DFB6F2510}.Release|Any CPU.ActiveCfg = Release|Any CPU
		{7854E326-461A-BF18-33AD-D91DFB6F2510}.Release|Any CPU.Build.0 = Release|Any CPU
		{5C8CC97D-8FED-90A8-E72E-EC38FBE4B1BF}.Debug|Any CPU.ActiveCfg = Debug|Any CPU
		{5C8CC97D-8FED-90A8-E72E-EC38FBE4B1BF}.Debug|Any CPU.Build.0 = Debug|Any CPU
		{5C8CC97D-8FED-90A8-E72E-EC38FBE4B1BF}.Release|Any CPU.ActiveCfg = Release|Any CPU
		{5C8CC97D-8FED-90A8-E72E-EC38FBE4B1BF}.Release|Any CPU.Build.0 = Release|Any CPU
		{5EA5F196-F76B-48C2-17BB-976C63BEB171}.Debug|Any CPU.ActiveCfg = Debug|Any CPU
		{5EA5F196-F76B-48C2-17BB-976C63BEB171}.Debug|Any CPU.Build.0 = Debug|Any CPU
		{5EA5F196-F76B-48C2-17BB-976C63BEB171}.Release|Any CPU.ActiveCfg = Release|Any CPU
		{5EA5F196-F76B-48C2-17BB-976C63BEB171}.Release|Any CPU.Build.0 = Release|Any CPU
		{373839EE-1CCE-D16F-B6ED-B32AE5E0A457}.Debug|Any CPU.ActiveCfg = Debug|Any CPU
		{373839EE-1CCE-D16F-B6ED-B32AE5E0A457}.Debug|Any CPU.Build.0 = Debug|Any CPU
		{373839EE-1CCE-D16F-B6ED-B32AE5E0A457}.Release|Any CPU.ActiveCfg = Release|Any CPU
		{373839EE-1CCE-D16F-B6ED-B32AE5E0A457}.Release|Any CPU.Build.0 = Release|Any CPU
		{54817A2F-6A91-CC4E-1050-FD9D1FE1AD0D}.Debug|Any CPU.ActiveCfg = Debug|Any CPU
		{54817A2F-6A91-CC4E-1050-FD9D1FE1AD0D}.Debug|Any CPU.Build.0 = Debug|Any CPU
		{54817A2F-6A91-CC4E-1050-FD9D1FE1AD0D}.Release|Any CPU.ActiveCfg = Release|Any CPU
		{54817A2F-6A91-CC4E-1050-FD9D1FE1AD0D}.Release|Any CPU.Build.0 = Release|Any CPU
		{3DE4FC49-D2B1-C518-57C3-2ABF03A04DA0}.Debug|Any CPU.ActiveCfg = Debug|Any CPU
		{3DE4FC49-D2B1-C518-57C3-2ABF03A04DA0}.Debug|Any CPU.Build.0 = Debug|Any CPU
		{3DE4FC49-D2B1-C518-57C3-2ABF03A04DA0}.Release|Any CPU.ActiveCfg = Release|Any CPU
		{3DE4FC49-D2B1-C518-57C3-2ABF03A04DA0}.Release|Any CPU.Build.0 = Release|Any CPU
		{756AEB28-3F99-DEA2-6AA3-DA52626D1101}.Debug|Any CPU.ActiveCfg = Debug|Any CPU
		{756AEB28-3F99-DEA2-6AA3-DA52626D1101}.Debug|Any CPU.Build.0 = Debug|Any CPU
		{756AEB28-3F99-DEA2-6AA3-DA52626D1101}.Release|Any CPU.ActiveCfg = Release|Any CPU
		{756AEB28-3F99-DEA2-6AA3-DA52626D1101}.Release|Any CPU.Build.0 = Release|Any CPU
		{0D61BD01-1738-B0E6-80DC-39B3AC332179}.Debug|Any CPU.ActiveCfg = Debug|Any CPU
		{0D61BD01-1738-B0E6-80DC-39B3AC332179}.Debug|Any CPU.Build.0 = Debug|Any CPU
		{0D61BD01-1738-B0E6-80DC-39B3AC332179}.Release|Any CPU.ActiveCfg = Release|Any CPU
		{0D61BD01-1738-B0E6-80DC-39B3AC332179}.Release|Any CPU.Build.0 = Release|Any CPU
		{F098C5E9-F2B5-9458-F199-EF177B0327FA}.Debug|Any CPU.ActiveCfg = Debug|Any CPU
		{F098C5E9-F2B5-9458-F199-EF177B0327FA}.Debug|Any CPU.Build.0 = Debug|Any CPU
		{F098C5E9-F2B5-9458-F199-EF177B0327FA}.Release|Any CPU.ActiveCfg = Release|Any CPU
		{F098C5E9-F2B5-9458-F199-EF177B0327FA}.Release|Any CPU.Build.0 = Release|Any CPU
		{FDA868D9-4EDD-0C90-FE76-771482923C88}.Debug|Any CPU.ActiveCfg = Debug|Any CPU
		{FDA868D9-4EDD-0C90-FE76-771482923C88}.Debug|Any CPU.Build.0 = Debug|Any CPU
		{FDA868D9-4EDD-0C90-FE76-771482923C88}.Release|Any CPU.ActiveCfg = Release|Any CPU
		{FDA868D9-4EDD-0C90-FE76-771482923C88}.Release|Any CPU.Build.0 = Release|Any CPU
		{020E5B5E-1BCD-95DE-AA70-2675DCE9D664}.Debug|Any CPU.ActiveCfg = Debug|Any CPU
		{020E5B5E-1BCD-95DE-AA70-2675DCE9D664}.Debug|Any CPU.Build.0 = Debug|Any CPU
		{020E5B5E-1BCD-95DE-AA70-2675DCE9D664}.Release|Any CPU.ActiveCfg = Release|Any CPU
		{020E5B5E-1BCD-95DE-AA70-2675DCE9D664}.Release|Any CPU.Build.0 = Release|Any CPU
		{54CB8DA9-C71A-6E41-E47B-57D9F8604FF7}.Debug|Any CPU.ActiveCfg = Debug|Any CPU
		{54CB8DA9-C71A-6E41-E47B-57D9F8604FF7}.Debug|Any CPU.Build.0 = Debug|Any CPU
		{54CB8DA9-C71A-6E41-E47B-57D9F8604FF7}.Release|Any CPU.ActiveCfg = Release|Any CPU
		{54CB8DA9-C71A-6E41-E47B-57D9F8604FF7}.Release|Any CPU.Build.0 = Release|Any CPU
		{8E900037-75EA-6A26-E7D0-45C81B117602}.Debug|Any CPU.ActiveCfg = Debug|Any CPU
		{8E900037-75EA-6A26-E7D0-45C81B117602}.Debug|Any CPU.Build.0 = Debug|Any CPU
		{8E900037-75EA-6A26-E7D0-45C81B117602}.Release|Any CPU.ActiveCfg = Release|Any CPU
		{8E900037-75EA-6A26-E7D0-45C81B117602}.Release|Any CPU.Build.0 = Release|Any CPU
		{99EA3083-C086-14E2-FBB5-403495D78CA1}.Debug|Any CPU.ActiveCfg = Debug|Any CPU
		{99EA3083-C086-14E2-FBB5-403495D78CA1}.Debug|Any CPU.Build.0 = Debug|Any CPU
		{99EA3083-C086-14E2-FBB5-403495D78CA1}.Release|Any CPU.ActiveCfg = Release|Any CPU
		{99EA3083-C086-14E2-FBB5-403495D78CA1}.Release|Any CPU.Build.0 = Release|Any CPU
	EndGlobalSection
	GlobalSection(SolutionProperties) = preSolution
		HideSolutionNode = FALSE
	EndGlobalSection
EndGlobal
