
Microsoft Visual Studio Solution File, Format Version 11.00
# Visual Studio 2010
Project("{FAE04EC0-301F-11D3-BF4B-00C04F79EFBC}") = "Assembly-CSharp", "Assembly-CSharp.csproj", "{e3f7d370-de7c-906a-bd53-45d745e4be27}"
EndProject
Project("{FAE04EC0-301F-11D3-BF4B-00C04F79EFBC}") = "Unity.Postprocessing.Runtime", "Unity.Postprocessing.Runtime.csproj", "{c79fab76-0e2e-e827-cb60-12992f2c5a48}"
EndProject
Project("{FAE04EC0-301F-11D3-BF4B-00C04F79EFBC}") = "Unity.Postprocessing.Editor", "Unity.Postprocessing.Editor.csproj", "{abb838a2-f228-acc1-d31f-652d110370e5}"
EndProject
Project("{FAE04EC0-301F-11D3-BF4B-00C04F79EFBC}") = "Assembly-CSharp-Editor", "Assembly-CSharp-Editor.csproj", "{3700908e-ea75-266a-e7d0-45c81b117602}"
EndProject
Global
	GlobalSection(SolutionConfigurationPlatforms) = preSolution
		Debug|Any CPU = Debug|Any CPU
	EndGlobalSection
	GlobalSection(ProjectConfigurationPlatforms) = postSolution
		{e3f7d370-de7c-906a-bd53-45d745e4be27}.Debug|Any CPU.ActiveCfg = Debug|Any CPU
		{e3f7d370-de7c-906a-bd53-45d745e4be27}.Debug|Any CPU.Build.0 = Debug|Any CPU
		{c79fab76-0e2e-e827-cb60-12992f2c5a48}.Debug|Any CPU.ActiveCfg = Debug|Any CPU
		{c79fab76-0e2e-e827-cb60-12992f2c5a48}.Debug|Any CPU.Build.0 = Debug|Any CPU
		{abb838a2-f228-acc1-d31f-652d110370e5}.Debug|Any CPU.ActiveCfg = Debug|Any CPU
		{abb838a2-f228-acc1-d31f-652d110370e5}.Debug|Any CPU.Build.0 = Debug|Any CPU
		{3700908e-ea75-266a-e7d0-45c81b117602}.Debug|Any CPU.ActiveCfg = Debug|Any CPU
		{3700908e-ea75-266a-e7d0-45c81b117602}.Debug|Any CPU.Build.0 = Debug|Any CPU
	EndGlobalSection
	GlobalSection(SolutionProperties) = preSolution
		HideSolutionNode = FALSE
	EndGlobalSection
EndGlobal
